
Microsoft Visual Studio Solution File, Format Version 12.00
# Visual Studio Version 16
VisualStudioVersion = 16.0.31129.286
MinimumVisualStudioVersion = 10.0.40219.1
Project("{9A19103F-16F7-4668-BE54-9A1E7A4F7556}") = "PokerPlayer", "src\PokerPlayer.csproj", "{5D0F33AC-1D26-4FC4-8E05-14787338AC94}"
EndProject
Project("{FAE04EC0-301F-11D3-BF4B-00C04F79EFBC}") = "PokerPlayer.Tests", "tests\PokerPlayer.Tests\PokerPlayer.Tests.csproj", "{677EC1D0-75BB-458B-9876-ADC2C01DDAA1}"
EndProject
Global
	GlobalSection(SolutionConfigurationPlatforms) = preSolution
		Debug|Any CPU = Debug|Any CPU
		Release|Any CPU = Release|Any CPU
	EndGlobalSection
	GlobalSection(ProjectConfigurationPlatforms) = postSolution
		{5D0F33AC-1D26-4FC4-8E05-14787338AC94}.Debug|Any CPU.ActiveCfg = Debug|Any CPU
		{5D0F33AC-1D26-4FC4-8E05-14787338AC94}.Debug|Any CPU.Build.0 = Debug|Any CPU
		{5D0F33AC-1D26-4FC4-8E05-14787338AC94}.Release|Any CPU.ActiveCfg = Release|Any CPU
		{5D0F33AC-1D26-4FC4-8E05-14787338AC94}.Release|Any CPU.Build.0 = Release|Any CPU
		{677EC1D0-75BB-458B-9876-ADC2C01DDAA1}.Debug|Any CPU.ActiveCfg = Debug|Any CPU
		{677EC1D0-75BB-458B-9876-ADC2C01DDAA1}.Debug|Any CPU.Build.0 = Debug|Any CPU
		{677EC1D0-75BB-458B-9876-ADC2C01DDAA1}.Release|Any CPU.ActiveCfg = Release|Any CPU
		{677EC1D0-75BB-458B-9876-ADC2C01DDAA1}.Release|Any CPU.Build.0 = Release|Any CPU
	EndGlobalSection
	GlobalSection(SolutionProperties) = preSolution
		HideSolutionNode = FALSE
	EndGlobalSection
	GlobalSection(ExtensibilityGlobals) = postSolution
		SolutionGuid = {17B9AD62-5428-4A17-9298-8AB5E00FDBF7}
	EndGlobalSection
EndGlobal
